
Microsoft Visual Studio Solution File, Format Version 12.00
# Visual Studio Version 17
VisualStudioVersion = 17.11.35327.3
MinimumVisualStudioVersion = 10.0.40219.1
Project("{FAE04EC0-301F-11D3-BF4B-00C04F79EFBC}") = "WebApplication1", "WebApplication1.csproj", "{2C0E7964-1112-4F99-B7C0-FC54A9FD167F}"
EndProject
Global
	GlobalSection(SolutionConfigurationPlatforms) = preSolution
		Debug|Any CPU = Debug|Any CPU
		Release|Any CPU = Release|Any CPU
	EndGlobalSection
	GlobalSection(ProjectConfigurationPlatforms) = postSolution
		{2C0E7964-1112-4F99-B7C0-FC54A9FD167F}.Debug|Any CPU.ActiveCfg = Debug|Any CPU
		{2C0E7964-1112-4F99-B7C0-FC54A9FD167F}.Debug|Any CPU.Build.0 = Debug|Any CPU
		{2C0E7964-1112-4F99-B7C0-FC54A9FD167F}.Release|Any CPU.ActiveCfg = Release|Any CPU
		{2C0E7964-1112-4F99-B7C0-FC54A9FD167F}.Release|Any CPU.Build.0 = Release|Any CPU
	EndGlobalSection
	GlobalSection(SolutionProperties) = preSolution
		HideSolutionNode = FALSE
	EndGlobalSection
	GlobalSection(ExtensibilityGlobals) = postSolution
		SolutionGuid = {EF9C501C-1F36-4C8A-95C4-74A777A46E6A}
	EndGlobalSection
EndGlobal
